
Microsoft Visual Studio Solution File, Format Version 12.00
# Visual Studio Version 17
VisualStudioVersion = 17.4.33213.308
MinimumVisualStudioVersion = 10.0.40219.1
Project("{9A19103F-16F7-4668-BE54-9A1E7A4F7556}") = "ChatUz", "ChatUz\ChatUz.csproj", "{73D3B37B-E46B-4569-B8B6-81D680DA81D8}"
EndProject
Project("{9A19103F-16F7-4668-BE54-9A1E7A4F7556}") = "Domain", "Domain\Domain.csproj", "{A5BE334F-F657-48CA-B8CE-53CB8B37F6ED}"
EndProject
Project("{9A19103F-16F7-4668-BE54-9A1E7A4F7556}") = "Application", "Application\Application.csproj", "{F24008CE-1EB9-4F44-AE11-A8CA9EAF2EA3}"
EndProject
Project("{9A19103F-16F7-4668-BE54-9A1E7A4F7556}") = "Infrastructure", "Infrastructure\Infrastructure.csproj", "{0AA4A5D7-A001-4EF4-9C9E-30A9B983A6EA}"
EndProject
Project("{9A19103F-16F7-4668-BE54-9A1E7A4F7556}") = "Persistance", "Persistance\Persistance.csproj", "{5EC64385-1588-4042-9B86-6205756A40DB}"
EndProject
Global
	GlobalSection(SolutionConfigurationPlatforms) = preSolution
		Debug|Any CPU = Debug|Any CPU
		Release|Any CPU = Release|Any CPU
	EndGlobalSection
	GlobalSection(ProjectConfigurationPlatforms) = postSolution
		{73D3B37B-E46B-4569-B8B6-81D680DA81D8}.Debug|Any CPU.ActiveCfg = Debug|Any CPU
		{73D3B37B-E46B-4569-B8B6-81D680DA81D8}.Debug|Any CPU.Build.0 = Debug|Any CPU
		{73D3B37B-E46B-4569-B8B6-81D680DA81D8}.Release|Any CPU.ActiveCfg = Release|Any CPU
		{73D3B37B-E46B-4569-B8B6-81D680DA81D8}.Release|Any CPU.Build.0 = Release|Any CPU
		{A5BE334F-F657-48CA-B8CE-53CB8B37F6ED}.Debug|Any CPU.ActiveCfg = Debug|Any CPU
		{A5BE334F-F657-48CA-B8CE-53CB8B37F6ED}.Debug|Any CPU.Build.0 = Debug|Any CPU
		{A5BE334F-F657-48CA-B8CE-53CB8B37F6ED}.Release|Any CPU.ActiveCfg = Release|Any CPU
		{A5BE334F-F657-48CA-B8CE-53CB8B37F6ED}.Release|Any CPU.Build.0 = Release|Any CPU
		{F24008CE-1EB9-4F44-AE11-A8CA9EAF2EA3}.Debug|Any CPU.ActiveCfg = Debug|Any CPU
		{F24008CE-1EB9-4F44-AE11-A8CA9EAF2EA3}.Debug|Any CPU.Build.0 = Debug|Any CPU
		{F24008CE-1EB9-4F44-AE11-A8CA9EAF2EA3}.Release|Any CPU.ActiveCfg = Release|Any CPU
		{F24008CE-1EB9-4F44-AE11-A8CA9EAF2EA3}.Release|Any CPU.Build.0 = Release|Any CPU
		{0AA4A5D7-A001-4EF4-9C9E-30A9B983A6EA}.Debug|Any CPU.ActiveCfg = Debug|Any CPU
		{0AA4A5D7-A001-4EF4-9C9E-30A9B983A6EA}.Debug|Any CPU.Build.0 = Debug|Any CPU
		{0AA4A5D7-A001-4EF4-9C9E-30A9B983A6EA}.Release|Any CPU.ActiveCfg = Release|Any CPU
		{0AA4A5D7-A001-4EF4-9C9E-30A9B983A6EA}.Release|Any CPU.Build.0 = Release|Any CPU
		{5EC64385-1588-4042-9B86-6205756A40DB}.Debug|Any CPU.ActiveCfg = Debug|Any CPU
		{5EC64385-1588-4042-9B86-6205756A40DB}.Debug|Any CPU.Build.0 = Debug|Any CPU
		{5EC64385-1588-4042-9B86-6205756A40DB}.Release|Any CPU.ActiveCfg = Release|Any CPU
		{5EC64385-1588-4042-9B86-6205756A40DB}.Release|Any CPU.Build.0 = Release|Any CPU
	EndGlobalSection
	GlobalSection(SolutionProperties) = preSolution
		HideSolutionNode = FALSE
	EndGlobalSection
	GlobalSection(ExtensibilityGlobals) = postSolution
		SolutionGuid = {F7D26012-6914-4F31-BBD1-E0E82AEFBB06}
	EndGlobalSection
EndGlobal
